// !$*UTF8*$!
{
	archiveVersion = 1;
	classes = {
	};
	objectVersion = 56;
	objects = {

/* Begin PBXBuildFile section */
		E7615A892AC0567F00E9F0F0 /* OnboardingView.swift in Sources */ = {isa = PBXBuildFile; fileRef = E7615A882AC0567F00E9F0F0 /* OnboardingView.swift */; };
		E7615A8C2AC0586100E9F0F0 /* Alamofire in Frameworks */ = {isa = PBXBuildFile; productRef = E7615A8B2AC0586100E9F0F0 /* Alamofire */; };
		E7615A932AC0D04800E9F0F0 /* Frame1.png in Resources */ = {isa = PBXBuildFile; fileRef = E7615A912AC0D04800E9F0F0 /* Frame1.png */; };
		E7615A942AC0D04800E9F0F0 /* Frame2.png in Resources */ = {isa = PBXBuildFile; fileRef = E7615A922AC0D04800E9F0F0 /* Frame2.png */; };
		E79146C52ABBB2F700A6475A /* SudoApp.swift in Sources */ = {isa = PBXBuildFile; fileRef = E79146C42ABBB2F700A6475A /* SudoApp.swift */; };
		E79146C72ABBB2F700A6475A /* ContentView.swift in Sources */ = {isa = PBXBuildFile; fileRef = E79146C62ABBB2F700A6475A /* ContentView.swift */; };
		E79146C92ABBB2F800A6475A /* Assets.xcassets in Resources */ = {isa = PBXBuildFile; fileRef = E79146C82ABBB2F800A6475A /* Assets.xcassets */; };
		E79146CC2ABBB2F800A6475A /* Preview Assets.xcassets in Resources */ = {isa = PBXBuildFile; fileRef = E79146CB2ABBB2F800A6475A /* Preview Assets.xcassets */; };
		E7E03F832ABF04A800534F04 /* AppDelegate.swift in Sources */ = {isa = PBXBuildFile; fileRef = E7E03F822ABF04A800534F04 /* AppDelegate.swift */; };
		E7E03F852ABF065C00534F04 /* StatusBarItemController.swift in Sources */ = {isa = PBXBuildFile; fileRef = E7E03F842ABF065C00534F04 /* StatusBarItemController.swift */; };
/* End PBXBuildFile section */

/* Begin PBXFileReference section */
		E7615A882AC0567F00E9F0F0 /* OnboardingView.swift */ = {isa = PBXFileReference; lastKnownFileType = sourcecode.swift; path = OnboardingView.swift; sourceTree = "<group>"; };
		E7615A912AC0D04800E9F0F0 /* Frame1.png */ = {isa = PBXFileReference; lastKnownFileType = image.png; name = Frame1.png; path = "../../../../Desktop/Background Clyde Omboarding/Frame1.png"; sourceTree = "<group>"; };
		E7615A922AC0D04800E9F0F0 /* Frame2.png */ = {isa = PBXFileReference; lastKnownFileType = image.png; name = Frame2.png; path = "../../../../Desktop/Background Clyde Omboarding/Frame2.png"; sourceTree = "<group>"; };
		E79146C12ABBB2F700A6475A /* Sudo.app */ = {isa = PBXFileReference; explicitFileType = wrapper.application; includeInIndex = 0; path = Sudo.app; sourceTree = BUILT_PRODUCTS_DIR; };
		E79146C42ABBB2F700A6475A /* SudoApp.swift */ = {isa = PBXFileReference; lastKnownFileType = sourcecode.swift; path = SudoApp.swift; sourceTree = "<group>"; };
		E79146C62ABBB2F700A6475A /* ContentView.swift */ = {isa = PBXFileReference; lastKnownFileType = sourcecode.swift; path = ContentView.swift; sourceTree = "<group>"; };
		E79146C82ABBB2F800A6475A /* Assets.xcassets */ = {isa = PBXFileReference; lastKnownFileType = folder.assetcatalog; path = Assets.xcassets; sourceTree = "<group>"; };
		E79146CB2ABBB2F800A6475A /* Preview Assets.xcassets */ = {isa = PBXFileReference; lastKnownFileType = folder.assetcatalog; path = "Preview Assets.xcassets"; sourceTree = "<group>"; };
		E79146CD2ABBB2F800A6475A /* Sudo.entitlements */ = {isa = PBXFileReference; lastKnownFileType = text.plist.entitlements; path = Sudo.entitlements; sourceTree = "<group>"; };
		E7E03F822ABF04A800534F04 /* AppDelegate.swift */ = {isa = PBXFileReference; lastKnownFileType = sourcecode.swift; path = AppDelegate.swift; sourceTree = "<group>"; };
		E7E03F842ABF065C00534F04 /* StatusBarItemController.swift */ = {isa = PBXFileReference; lastKnownFileType = sourcecode.swift; path = StatusBarItemController.swift; sourceTree = "<group>"; };
/* End PBXFileReference section */

/* Begin PBXFrameworksBuildPhase section */
		E79146BE2ABBB2F700A6475A /* Frameworks */ = {
			isa = PBXFrameworksBuildPhase;
			buildActionMask = 2147483647;
			files = (
				E7615A8C2AC0586100E9F0F0 /* Alamofire in Frameworks */,
			);
			runOnlyForDeploymentPostprocessing = 0;
		};
/* End PBXFrameworksBuildPhase section */

/* Begin PBXGroup section */
		E79146B82ABBB2F700A6475A = {
			isa = PBXGroup;
			children = (
				E79146C32ABBB2F700A6475A /* Sudo */,
				E79146C22ABBB2F700A6475A /* Products */,
			);
			sourceTree = "<group>";
		};
		E79146C22ABBB2F700A6475A /* Products */ = {
			isa = PBXGroup;
			children = (
				E79146C12ABBB2F700A6475A /* Sudo.app */,
			);
			name = Products;
			sourceTree = "<group>";
		};
		E79146C32ABBB2F700A6475A /* Sudo */ = {
			isa = PBXGroup;
			children = (
				E7615A912AC0D04800E9F0F0 /* Frame1.png */,
				E7615A922AC0D04800E9F0F0 /* Frame2.png */,
				E7615A882AC0567F00E9F0F0 /* OnboardingView.swift */,
				E7E03F842ABF065C00534F04 /* StatusBarItemController.swift */,
				E7E03F822ABF04A800534F04 /* AppDelegate.swift */,
				E79146C42ABBB2F700A6475A /* SudoApp.swift */,
				E79146C62ABBB2F700A6475A /* ContentView.swift */,
				E79146C82ABBB2F800A6475A /* Assets.xcassets */,
				E79146CD2ABBB2F800A6475A /* Sudo.entitlements */,
				E79146CA2ABBB2F800A6475A /* Preview Content */,
			);
			path = Sudo;
			sourceTree = "<group>";
		};
		E79146CA2ABBB2F800A6475A /* Preview Content */ = {
			isa = PBXGroup;
			children = (
				E79146CB2ABBB2F800A6475A /* Preview Assets.xcassets */,
			);
			path = "Preview Content";
			sourceTree = "<group>";
		};
/* End PBXGroup section */

/* Begin PBXNativeTarget section */
		E79146C02ABBB2F700A6475A /* Sudo */ = {
			isa = PBXNativeTarget;
			buildConfigurationList = E79146D02ABBB2F800A6475A /* Build configuration list for PBXNativeTarget "Sudo" */;
			buildPhases = (
				E79146BD2ABBB2F700A6475A /* Sources */,
				E79146BE2ABBB2F700A6475A /* Frameworks */,
				E79146BF2ABBB2F700A6475A /* Resources */,
			);
			buildRules = (
			);
			dependencies = (
			);
			name = Sudo;
			packageProductDependencies = (
				E7615A8B2AC0586100E9F0F0 /* Alamofire */,
			);
			productName = Sudo;
			productReference = E79146C12ABBB2F700A6475A /* Sudo.app */;
			productType = "com.apple.product-type.application";
		};
/* End PBXNativeTarget section */

/* Begin PBXProject section */
		E79146B92ABBB2F700A6475A /* Project object */ = {
			isa = PBXProject;
			attributes = {
				BuildIndependentTargetsInParallel = 1;
				LastSwiftUpdateCheck = 1500;
				LastUpgradeCheck = 1500;
				TargetAttributes = {
					E79146C02ABBB2F700A6475A = {
						CreatedOnToolsVersion = 15.0;
					};
				};
			};
			buildConfigurationList = E79146BC2ABBB2F700A6475A /* Build configuration list for PBXProject "Sudo" */;
			compatibilityVersion = "Xcode 14.0";
			developmentRegion = en;
			hasScannedForEncodings = 0;
			knownRegions = (
				en,
				Base,
			);
			mainGroup = E79146B82ABBB2F700A6475A;
			packageReferences = (
				E7615A8A2AC0586100E9F0F0 /* XCRemoteSwiftPackageReference "Alamofire" */,
			);
			productRefGroup = E79146C22ABBB2F700A6475A /* Products */;
			projectDirPath = "";
			projectRoot = "";
			targets = (
				E79146C02ABBB2F700A6475A /* Sudo */,
			);
		};
/* End PBXProject section */

/* Begin PBXResourcesBuildPhase section */
		E79146BF2ABBB2F700A6475A /* Resources */ = {
			isa = PBXResourcesBuildPhase;
			buildActionMask = 2147483647;
			files = (
				E79146CC2ABBB2F800A6475A /* Preview Assets.xcassets in Resources */,
				E7615A932AC0D04800E9F0F0 /* Frame1.png in Resources */,
				E7615A942AC0D04800E9F0F0 /* Frame2.png in Resources */,
				E79146C92ABBB2F800A6475A /* Assets.xcassets in Resources */,
			);
			runOnlyForDeploymentPostprocessing = 0;
		};
/* End PBXResourcesBuildPhase section */

/* Begin PBXSourcesBuildPhase section */
		E79146BD2ABBB2F700A6475A /* Sources */ = {
			isa = PBXSourcesBuildPhase;
			buildActionMask = 2147483647;
			files = (
				E7E03F852ABF065C00534F04 /* StatusBarItemController.swift in Sources */,
				E7E03F832ABF04A800534F04 /* AppDelegate.swift in Sources */,
				E79146C72ABBB2F700A6475A /* ContentView.swift in Sources */,
				E7615A892AC0567F00E9F0F0 /* OnboardingView.swift in Sources */,
				E79146C52ABBB2F700A6475A /* SudoApp.swift in Sources */,
			);
			runOnlyForDeploymentPostprocessing = 0;
		};
/* End PBXSourcesBuildPhase section */

/* Begin XCBuildConfiguration section */
		E79146CE2ABBB2F800A6475A /* Debug */ = {
			isa = XCBuildConfiguration;
			buildSettings = {
				ALWAYS_SEARCH_USER_PATHS = NO;
				ASSETCATALOG_COMPILER_GENERATE_SWIFT_ASSET_SYMBOL_EXTENSIONS = YES;
				CLANG_ANALYZER_NONNULL = YES;
				CLANG_ANALYZER_NUMBER_OBJECT_CONVERSION = YES_AGGRESSIVE;
				CLANG_CXX_LANGUAGE_STANDARD = "gnu++20";
				CLANG_ENABLE_MODULES = YES;
				CLANG_ENABLE_OBJC_ARC = YES;
				CLANG_ENABLE_OBJC_WEAK = YES;
				CLANG_WARN_BLOCK_CAPTURE_AUTORELEASING = YES;
				CLANG_WARN_BOOL_CONVERSION = YES;
				CLANG_WARN_COMMA = YES;
				CLANG_WARN_CONSTANT_CONVERSION = YES;
				CLANG_WARN_DEPRECATED_OBJC_IMPLEMENTATIONS = YES;
				CLANG_WARN_DIRECT_OBJC_ISA_USAGE = YES_ERROR;
				CLANG_WARN_DOCUMENTATION_COMMENTS = YES;
				CLANG_WARN_EMPTY_BODY = YES;
				CLANG_WARN_ENUM_CONVERSION = YES;
				CLANG_WARN_INFINITE_RECURSION = YES;
				CLANG_WARN_INT_CONVERSION = YES;
				CLANG_WARN_NON_LITERAL_NULL_CONVERSION = YES;
				CLANG_WARN_OBJC_IMPLICIT_RETAIN_SELF = YES;
				CLANG_WARN_OBJC_LITERAL_CONVERSION = YES;
				CLANG_WARN_OBJC_ROOT_CLASS = YES_ERROR;
				CLANG_WARN_QUOTED_INCLUDE_IN_FRAMEWORK_HEADER = YES;
				CLANG_WARN_RANGE_LOOP_ANALYSIS = YES;
				CLANG_WARN_STRICT_PROTOTYPES = YES;
				CLANG_WARN_SUSPICIOUS_MOVE = YES;
				CLANG_WARN_UNGUARDED_AVAILABILITY = YES_AGGRESSIVE;
				CLANG_WARN_UNREACHABLE_CODE = YES;
				CLANG_WARN__DUPLICATE_METHOD_MATCH = YES;
				COPY_PHASE_STRIP = NO;
				DEBUG_INFORMATION_FORMAT = dwarf;
				ENABLE_STRICT_OBJC_MSGSEND = YES;
				ENABLE_TESTABILITY = YES;
				ENABLE_USER_SCRIPT_SANDBOXING = YES;
				GCC_C_LANGUAGE_STANDARD = gnu17;
				GCC_DYNAMIC_NO_PIC = NO;
				GCC_NO_COMMON_BLOCKS = YES;
				GCC_OPTIMIZATION_LEVEL = 0;
				GCC_PREPROCESSOR_DEFINITIONS = (
					"DEBUG=1",
					"$(inherited)",
				);
				GCC_WARN_64_TO_32_BIT_CONVERSION = YES;
				GCC_WARN_ABOUT_RETURN_TYPE = YES_ERROR;
				GCC_WARN_UNDECLARED_SELECTOR = YES;
				GCC_WARN_UNINITIALIZED_AUTOS = YES_AGGRESSIVE;
				GCC_WARN_UNUSED_FUNCTION = YES;
				GCC_WARN_UNUSED_VARIABLE = YES;
				LOCALIZATION_PREFERS_STRING_CATALOGS = YES;
				MACOSX_DEPLOYMENT_TARGET = 14.0;
				MTL_ENABLE_DEBUG_INFO = INCLUDE_SOURCE;
				MTL_FAST_MATH = YES;
				ONLY_ACTIVE_ARCH = YES;
				SDKROOT = macosx;
				SWIFT_ACTIVE_COMPILATION_CONDITIONS = "DEBUG $(inherited)";
				SWIFT_OPTIMIZATION_LEVEL = "-Onone";
			};
			name = Debug;
		};
		E79146CF2ABBB2F800A6475A /* Release */ = {
			isa = XCBuildConfiguration;
			buildSettings = {
				ALWAYS_SEARCH_USER_PATHS = NO;
				ASSETCATALOG_COMPILER_GENERATE_SWIFT_ASSET_SYMBOL_EXTENSIONS = YES;
				CLANG_ANALYZER_NONNULL = YES;
				CLANG_ANALYZER_NUMBER_OBJECT_CONVERSION = YES_AGGRESSIVE;
				CLANG_CXX_LANGUAGE_STANDARD = "gnu++20";
				CLANG_ENABLE_MODULES = YES;
				CLANG_ENABLE_OBJC_ARC = YES;
				CLANG_ENABLE_OBJC_WEAK = YES;
				CLANG_WARN_BLOCK_CAPTURE_AUTORELEASING = YES;
				CLANG_WARN_BOOL_CONVERSION = YES;
				CLANG_WARN_COMMA = YES;
				CLANG_WARN_CONSTANT_CONVERSION = YES;
				CLANG_WARN_DEPRECATED_OBJC_IMPLEMENTATIONS = YES;
				CLANG_WARN_DIRECT_OBJC_ISA_USAGE = YES_ERROR;
				CLANG_WARN_DOCUMENTATION_COMMENTS = YES;
				CLANG_WARN_EMPTY_BODY = YES;
				CLANG_WARN_ENUM_CONVERSION = YES;
				CLANG_WARN_INFINITE_RECURSION = YES;
				CLANG_WARN_INT_CONVERSION = YES;
				CLANG_WARN_NON_LITERAL_NULL_CONVERSION = YES;
				CLANG_WARN_OBJC_IMPLICIT_RETAIN_SELF = YES;
				CLANG_WARN_OBJC_LITERAL_CONVERSION = YES;
				CLANG_WARN_OBJC_ROOT_CLASS = YES_ERROR;
				CLANG_WARN_QUOTED_INCLUDE_IN_FRAMEWORK_HEADER = YES;
				CLANG_WARN_RANGE_LOOP_ANALYSIS = YES;
				CLANG_WARN_STRICT_PROTOTYPES = YES;
				CLANG_WARN_SUSPICIOUS_MOVE = YES;
				CLANG_WARN_UNGUARDED_AVAILABILITY = YES_AGGRESSIVE;
				CLANG_WARN_UNREACHABLE_CODE = YES;
				CLANG_WARN__DUPLICATE_METHOD_MATCH = YES;
				COPY_PHASE_STRIP = NO;
				DEBUG_INFORMATION_FORMAT = "dwarf-with-dsym";
				ENABLE_NS_ASSERTIONS = NO;
				ENABLE_STRICT_OBJC_MSGSEND = YES;
				ENABLE_USER_SCRIPT_SANDBOXING = YES;
				GCC_C_LANGUAGE_STANDARD = gnu17;
				GCC_NO_COMMON_BLOCKS = YES;
				GCC_WARN_64_TO_32_BIT_CONVERSION = YES;
				GCC_WARN_ABOUT_RETURN_TYPE = YES_ERROR;
				GCC_WARN_UNDECLARED_SELECTOR = YES;
				GCC_WARN_UNINITIALIZED_AUTOS = YES_AGGRESSIVE;
				GCC_WARN_UNUSED_FUNCTION = YES;
				GCC_WARN_UNUSED_VARIABLE = YES;
				LOCALIZATION_PREFERS_STRING_CATALOGS = YES;
				MACOSX_DEPLOYMENT_TARGET = 14.0;
				MTL_ENABLE_DEBUG_INFO = NO;
				MTL_FAST_MATH = YES;
				SDKROOT = macosx;
				SWIFT_COMPILATION_MODE = wholemodule;
			};
			name = Release;
		};
		E79146D12ABBB2F800A6475A /* Debug */ = {
			isa = XCBuildConfiguration;
			buildSettings = {
				ASSETCATALOG_COMPILER_APPICON_NAME = AppIcon;
				ASSETCATALOG_COMPILER_GLOBAL_ACCENT_COLOR_NAME = AccentColor;
				CODE_SIGN_ENTITLEMENTS = Sudo/Sudo.entitlements;
				CODE_SIGN_STYLE = Automatic;
				COMBINE_HIDPI_IMAGES = YES;
				CURRENT_PROJECT_VERSION = 1;
				DEVELOPMENT_ASSET_PATHS = "\"Sudo/Preview Content\"";
				DEVELOPMENT_TEAM = Q785W7SZ82;
				ENABLE_HARDENED_RUNTIME = YES;
				ENABLE_PREVIEWS = YES;
				GENERATE_INFOPLIST_FILE = YES;
				INFOPLIST_KEY_NSHumanReadableCopyright = "";
				LD_RUNPATH_SEARCH_PATHS = (
					"$(inherited)",
					"@executable_path/../Frameworks",
				);
				MARKETING_VERSION = 1.0;
				PRODUCT_BUNDLE_IDENTIFIER = mansidak.Sudo;
				PRODUCT_NAME = "$(TARGET_NAME)";
				SWIFT_EMIT_LOC_STRINGS = YES;
				SWIFT_VERSION = 5.0;
			};
			name = Debug;
		};
		E79146D22ABBB2F800A6475A /* Release */ = {
			isa = XCBuildConfiguration;
			buildSettings = {
				ASSETCATALOG_COMPILER_APPICON_NAME = AppIcon;
				ASSETCATALOG_COMPILER_GLOBAL_ACCENT_COLOR_NAME = AccentColor;
				CODE_SIGN_ENTITLEMENTS = Sudo/Sudo.entitlements;
				CODE_SIGN_STYLE = Automatic;
				COMBINE_HIDPI_IMAGES = YES;
				CURRENT_PROJECT_VERSION = 1;
				DEVELOPMENT_ASSET_PATHS = "\"Sudo/Preview Content\"";
				DEVELOPMENT_TEAM = Q785W7SZ82;
				ENABLE_HARDENED_RUNTIME = YES;
				ENABLE_PREVIEWS = YES;
				GENERATE_INFOPLIST_FILE = YES;
				INFOPLIST_KEY_NSHumanReadableCopyright = "";
				LD_RUNPATH_SEARCH_PATHS = (
					"$(inherited)",
					"@executable_path/../Frameworks",
				);
				MARKETING_VERSION = 1.0;
				PRODUCT_BUNDLE_IDENTIFIER = mansidak.Sudo;
				PRODUCT_NAME = "$(TARGET_NAME)";
				SWIFT_EMIT_LOC_STRINGS = YES;
				SWIFT_VERSION = 5.0;
			};
			name = Release;
		};
/* End XCBuildConfiguration section */

/* Begin XCConfigurationList section */
		E79146BC2ABBB2F700A6475A /* Build configuration list for PBXProject "Sudo" */ = {
			isa = XCConfigurationList;
			buildConfigurations = (
				E79146CE2ABBB2F800A6475A /* Debug */,
				E79146CF2ABBB2F800A6475A /* Release */,
			);
			defaultConfigurationIsVisible = 0;
			defaultConfigurationName = Release;
		};
		E79146D02ABBB2F800A6475A /* Build configuration list for PBXNativeTarget "Sudo" */ = {
			isa = XCConfigurationList;
			buildConfigurations = (
				E79146D12ABBB2F800A6475A /* Debug */,
				E79146D22ABBB2F800A6475A /* Release */,
			);
			defaultConfigurationIsVisible = 0;
			defaultConfigurationName = Release;
		};
/* End XCConfigurationList section */

/* Begin XCRemoteSwiftPackageReference section */
		E7615A8A2AC0586100E9F0F0 /* XCRemoteSwiftPackageReference "Alamofire" */ = {
			isa = XCRemoteSwiftPackageReference;
			repositoryURL = "https://github.com/Alamofire/Alamofire.git";
			requirement = {
				kind = upToNextMajorVersion;
				minimumVersion = 5.8.0;
			};
		};
/* End XCRemoteSwiftPackageReference section */

/* Begin XCSwiftPackageProductDependency section */
		E7615A8B2AC0586100E9F0F0 /* Alamofire */ = {
			isa = XCSwiftPackageProductDependency;
			package = E7615A8A2AC0586100E9F0F0 /* XCRemoteSwiftPackageReference "Alamofire" */;
			productName = Alamofire;
		};
/* End XCSwiftPackageProductDependency section */
	};
	rootObject = E79146B92ABBB2F700A6475A /* Project object */;
}
